
Microsoft Visual Studio Solution File, Format Version 12.00
# Visual Studio Version 17
VisualStudioVersion = 17.9.34622.214
MinimumVisualStudioVersion = 10.0.40219.1
Project("{FAE04EC0-301F-11D3-BF4B-00C04F79EFBC}") = "CleanArchMvc.Domain", "CleanArchMvc.Domain\CleanArchMvc.Domain.csproj", "{90B1AD4A-E892-4056-9D8D-205A4EABDAD1}"
EndProject
Project("{FAE04EC0-301F-11D3-BF4B-00C04F79EFBC}") = "CleanArchMvc.Application", "CleanArchMvc.Application\CleanArchMvc.Application.csproj", "{6196F8C3-1B58-49AA-92F9-FFC642A536CD}"
EndProject
Project("{FAE04EC0-301F-11D3-BF4B-00C04F79EFBC}") = "CleanArchMvc.Infra.Data", "CleanArchMvc.Infra.Data\CleanArchMvc.Infra.Data.csproj", "{2E1D67E9-C81C-40B9-AAE2-EE24F2AD4A13}"
EndProject
Project("{FAE04EC0-301F-11D3-BF4B-00C04F79EFBC}") = "CleanArchMvc.Infra.Ioc", "CleanArchMvc.Infra.Ioc\CleanArchMvc.Infra.Ioc.csproj", "{73143CF1-16EE-4952-91D9-CD81643D6DC1}"
EndProject
Project("{FAE04EC0-301F-11D3-BF4B-00C04F79EFBC}") = "CleanArchMvc.WebUi", "CleanArchMvc.WebUi\CleanArchMvc.WebUi.csproj", "{18B0A1E7-7611-4F71-8148-971C77C7A361}"
EndProject
Global
	GlobalSection(SolutionConfigurationPlatforms) = preSolution
		Debug|Any CPU = Debug|Any CPU
		Release|Any CPU = Release|Any CPU
	EndGlobalSection
	GlobalSection(ProjectConfigurationPlatforms) = postSolution
		{90B1AD4A-E892-4056-9D8D-205A4EABDAD1}.Debug|Any CPU.ActiveCfg = Debug|Any CPU
		{90B1AD4A-E892-4056-9D8D-205A4EABDAD1}.Debug|Any CPU.Build.0 = Debug|Any CPU
		{90B1AD4A-E892-4056-9D8D-205A4EABDAD1}.Release|Any CPU.ActiveCfg = Release|Any CPU
		{90B1AD4A-E892-4056-9D8D-205A4EABDAD1}.Release|Any CPU.Build.0 = Release|Any CPU
		{6196F8C3-1B58-49AA-92F9-FFC642A536CD}.Debug|Any CPU.ActiveCfg = Debug|Any CPU
		{6196F8C3-1B58-49AA-92F9-FFC642A536CD}.Debug|Any CPU.Build.0 = Debug|Any CPU
		{6196F8C3-1B58-49AA-92F9-FFC642A536CD}.Release|Any CPU.ActiveCfg = Release|Any CPU
		{6196F8C3-1B58-49AA-92F9-FFC642A536CD}.Release|Any CPU.Build.0 = Release|Any CPU
		{2E1D67E9-C81C-40B9-AAE2-EE24F2AD4A13}.Debug|Any CPU.ActiveCfg = Debug|Any CPU
		{2E1D67E9-C81C-40B9-AAE2-EE24F2AD4A13}.Debug|Any CPU.Build.0 = Debug|Any CPU
		{2E1D67E9-C81C-40B9-AAE2-EE24F2AD4A13}.Release|Any CPU.ActiveCfg = Release|Any CPU
		{2E1D67E9-C81C-40B9-AAE2-EE24F2AD4A13}.Release|Any CPU.Build.0 = Release|Any CPU
		{73143CF1-16EE-4952-91D9-CD81643D6DC1}.Debug|Any CPU.ActiveCfg = Debug|Any CPU
		{73143CF1-16EE-4952-91D9-CD81643D6DC1}.Debug|Any CPU.Build.0 = Debug|Any CPU
		{73143CF1-16EE-4952-91D9-CD81643D6DC1}.Release|Any CPU.ActiveCfg = Release|Any CPU
		{73143CF1-16EE-4952-91D9-CD81643D6DC1}.Release|Any CPU.Build.0 = Release|Any CPU
		{18B0A1E7-7611-4F71-8148-971C77C7A361}.Debug|Any CPU.ActiveCfg = Debug|Any CPU
		{18B0A1E7-7611-4F71-8148-971C77C7A361}.Debug|Any CPU.Build.0 = Debug|Any CPU
		{18B0A1E7-7611-4F71-8148-971C77C7A361}.Release|Any CPU.ActiveCfg = Release|Any CPU
		{18B0A1E7-7611-4F71-8148-971C77C7A361}.Release|Any CPU.Build.0 = Release|Any CPU
	EndGlobalSection
	GlobalSection(SolutionProperties) = preSolution
		HideSolutionNode = FALSE
	EndGlobalSection
	GlobalSection(ExtensibilityGlobals) = postSolution
		SolutionGuid = {B23DCADC-9697-4E42-90DB-8761C518555F}
	EndGlobalSection
EndGlobal
